
Microsoft Visual Studio Solution File, Format Version 12.00
Project("{FAE04EC0-301F-11D3-BF4B-00C04F79EFBC}") = "SplitData", "SplitData\SplitData.csproj", "{BB86C03A-0E73-4CD3-AD33-179510F6005C}"
EndProject
Global
	GlobalSection(SolutionConfigurationPlatforms) = preSolution
		Debug|Any CPU = Debug|Any CPU
		Release|Any CPU = Release|Any CPU
	EndGlobalSection
	GlobalSection(ProjectConfigurationPlatforms) = postSolution
		{BB86C03A-0E73-4CD3-AD33-179510F6005C}.Debug|Any CPU.ActiveCfg = Debug|Any CPU
		{BB86C03A-0E73-4CD3-AD33-179510F6005C}.Debug|Any CPU.Build.0 = Debug|Any CPU
		{BB86C03A-0E73-4CD3-AD33-179510F6005C}.Release|Any CPU.ActiveCfg = Release|Any CPU
		{BB86C03A-0E73-4CD3-AD33-179510F6005C}.Release|Any CPU.Build.0 = Release|Any CPU
	EndGlobalSection
EndGlobal
